<Solution>
  <Folder Name="/Solution Items/">
    <File Path="Build/package.xml" />
    <File Path="dist/buildpackage.ps1" />
    <File Path="gulpfile.js" />
    <File Path="paths.json" />
  </Folder>
  <Project Path="MaintenanceMode.Site.16/MaintenanceMode.Site.16.csproj" />
  <Project Path="MaintenanceMode.Site.17/MaintenanceMode.Site.17.csproj" />
  <Project Path="MaintenanceMode.Site/MaintenanceMode.Site.csproj" />
  <Project Path="Our.Umbraco.MaintenanceMode.Assets/Our.Umbraco.MaintenanceMode.Assets.csproj" />
  <Project Path="Our.Umbraco.MaintenanceMode.Client/Our.Umbraco.MaintenanceMode.Client.csproj" />
  <Project Path="Our.Umbraco.MaintenanceMode.Core/Our.Umbraco.MaintenanceMode.Core.csproj" />
  <Project Path="Our.Umbraco.MaintenanceMode/Our.Umbraco.MaintenanceMode.csproj" />
</Solution>
