
Microsoft Visual Studio Solution File, Format Version 12.00
# Visual Studio Version 16
VisualStudioVersion = 16.0.30011.22
MinimumVisualStudioVersion = 10.0.40219.1
Project("{2150E333-8FDC-42A3-9474-1A3956D46DE8}") = "Solution Items", "Solution Items", "{486999F4-3AC9-49FD-9FAE-4F6FC5007E8E}"
	ProjectSection(SolutionItems) = preProject
		Build\buildpackage.cmd = Build\buildpackage.cmd
		gulpfile.js = gulpfile.js
		Build\package.xml = Build\package.xml
	EndProjectSection
EndProject
Project("{FAE04EC0-301F-11D3-BF4B-00C04F79EFBC}") = "MaintenanceMode.SiteV8", "MaintenanceMode.SiteV8\MaintenanceMode.SiteV8.csproj", "{851FEF9A-32B2-4872-9CBF-1DC6F69356B2}"
EndProject
Project("{FAE04EC0-301F-11D3-BF4B-00C04F79EFBC}") = "Our.Umbraco.MaintenanceModeV8", "Our.Umbraco.MaintenanceModeV8\Our.Umbraco.MaintenanceModeV8.csproj", "{FA28CFD7-E9B6-4B17-AC38-9B66443C55FD}"
EndProject
Global
	GlobalSection(SolutionConfigurationPlatforms) = preSolution
		Debug|Any CPU = Debug|Any CPU
		Release|Any CPU = Release|Any CPU
	EndGlobalSection
	GlobalSection(ProjectConfigurationPlatforms) = postSolution
		{851FEF9A-32B2-4872-9CBF-1DC6F69356B2}.Debug|Any CPU.ActiveCfg = Debug|Any CPU
		{851FEF9A-32B2-4872-9CBF-1DC6F69356B2}.Debug|Any CPU.Build.0 = Debug|Any CPU
		{851FEF9A-32B2-4872-9CBF-1DC6F69356B2}.Release|Any CPU.ActiveCfg = Release|Any CPU
		{851FEF9A-32B2-4872-9CBF-1DC6F69356B2}.Release|Any CPU.Build.0 = Release|Any CPU
		{FA28CFD7-E9B6-4B17-AC38-9B66443C55FD}.Debug|Any CPU.ActiveCfg = Debug|Any CPU
		{FA28CFD7-E9B6-4B17-AC38-9B66443C55FD}.Debug|Any CPU.Build.0 = Debug|Any CPU
		{FA28CFD7-E9B6-4B17-AC38-9B66443C55FD}.Release|Any CPU.ActiveCfg = Release|Any CPU
		{FA28CFD7-E9B6-4B17-AC38-9B66443C55FD}.Release|Any CPU.Build.0 = Release|Any CPU
	EndGlobalSection
	GlobalSection(SolutionProperties) = preSolution
		HideSolutionNode = FALSE
	EndGlobalSection
	GlobalSection(ExtensibilityGlobals) = postSolution
		SolutionGuid = {BCEECB68-66BC-4E0E-AE7C-1E27F13273EC}
	EndGlobalSection
EndGlobal
