
Microsoft Visual Studio Solution File, Format Version 12.00
# Visual Studio Version 17
VisualStudioVersion = 17.1.32210.238
MinimumVisualStudioVersion = 10.0.40219.1
Project("{2150E333-8FDC-42A3-9474-1A3956D46DE8}") = "Solution Items", "Solution Items", "{486999F4-3AC9-49FD-9FAE-4F6FC5007E8E}"
	ProjectSection(SolutionItems) = preProject
		dist\build-package.ps1 = dist\build-package.ps1
		gulpfile.js = gulpfile.js
		Build\package.xml = Build\package.xml
		paths.json = paths.json
	EndProjectSection
EndProject
Project("{9A19103F-16F7-4668-BE54-9A1E7A4F7556}") = "Our.Umbraco.MaintenanceMode", "Our.Umbraco.MaintenanceMode\Our.Umbraco.MaintenanceMode.csproj", "{AA01FA1B-F903-4F9D-BAB3-C85065BA749B}"
EndProject
Project("{9A19103F-16F7-4668-BE54-9A1E7A4F7556}") = "MaintenanceMode15.Site", "MaintenanceMode15.Site\MaintenanceMode15.Site.csproj", "{E1AE36E8-7D19-45AA-9ECF-D9D3B99223EF}"
EndProject
Project("{9A19103F-16F7-4668-BE54-9A1E7A4F7556}") = "MaintenanceManager.Client", "MaintenanceManager.Client\MaintenanceManager.Client.csproj", "{B8B398D6-2ADA-4642-A28E-1ACF040031C7}"
EndProject
Project("{FAE04EC0-301F-11D3-BF4B-00C04F79EFBC}") = "Umbraco.Community.MaintenanceMode", "Umbraco.Community.MaintenanceMode\Umbraco.Community.MaintenanceMode.csproj", "{C2B7328D-CF75-470F-8D07-D5C1EF5F743A}"
EndProject
Global
	GlobalSection(SolutionConfigurationPlatforms) = preSolution
		Debug|Any CPU = Debug|Any CPU
		Release|Any CPU = Release|Any CPU
	EndGlobalSection
	GlobalSection(ProjectConfigurationPlatforms) = postSolution
		{AA01FA1B-F903-4F9D-BAB3-C85065BA749B}.Debug|Any CPU.ActiveCfg = Debug|Any CPU
		{AA01FA1B-F903-4F9D-BAB3-C85065BA749B}.Debug|Any CPU.Build.0 = Debug|Any CPU
		{AA01FA1B-F903-4F9D-BAB3-C85065BA749B}.Release|Any CPU.ActiveCfg = Release|Any CPU
		{AA01FA1B-F903-4F9D-BAB3-C85065BA749B}.Release|Any CPU.Build.0 = Release|Any CPU
		{E1AE36E8-7D19-45AA-9ECF-D9D3B99223EF}.Debug|Any CPU.ActiveCfg = Debug|Any CPU
		{E1AE36E8-7D19-45AA-9ECF-D9D3B99223EF}.Debug|Any CPU.Build.0 = Debug|Any CPU
		{E1AE36E8-7D19-45AA-9ECF-D9D3B99223EF}.Release|Any CPU.ActiveCfg = Release|Any CPU
		{E1AE36E8-7D19-45AA-9ECF-D9D3B99223EF}.Release|Any CPU.Build.0 = Release|Any CPU
		{B8B398D6-2ADA-4642-A28E-1ACF040031C7}.Debug|Any CPU.ActiveCfg = Debug|Any CPU
		{B8B398D6-2ADA-4642-A28E-1ACF040031C7}.Debug|Any CPU.Build.0 = Debug|Any CPU
		{B8B398D6-2ADA-4642-A28E-1ACF040031C7}.Release|Any CPU.ActiveCfg = Release|Any CPU
		{B8B398D6-2ADA-4642-A28E-1ACF040031C7}.Release|Any CPU.Build.0 = Release|Any CPU
		{C2B7328D-CF75-470F-8D07-D5C1EF5F743A}.Debug|Any CPU.ActiveCfg = Debug|Any CPU
		{C2B7328D-CF75-470F-8D07-D5C1EF5F743A}.Debug|Any CPU.Build.0 = Debug|Any CPU
		{C2B7328D-CF75-470F-8D07-D5C1EF5F743A}.Release|Any CPU.ActiveCfg = Release|Any CPU
		{C2B7328D-CF75-470F-8D07-D5C1EF5F743A}.Release|Any CPU.Build.0 = Release|Any CPU
	EndGlobalSection
	GlobalSection(SolutionProperties) = preSolution
		HideSolutionNode = FALSE
	EndGlobalSection
	GlobalSection(ExtensibilityGlobals) = postSolution
		SolutionGuid = {BCEECB68-66BC-4E0E-AE7C-1E27F13273EC}
	EndGlobalSection
EndGlobal
